// !$*UTF8*$!
{
	archiveVersion = 1;
	classes = {
	};
	objectVersion = 46;
	objects = {

/* Begin PBXBuildFile section */
		60083FFB1BC79C2000EB9968 /* main.m in Sources */ = {isa = PBXBuildFile; fileRef = 60083FFA1BC79C2000EB9968 /* main.m */; };
		60083FFE1BC79C2000EB9968 /* AppDelegate.m in Sources */ = {isa = PBXBuildFile; fileRef = 60083FFD1BC79C2000EB9968 /* AppDelegate.m */; };
		600840011BC79C2000EB9968 /* ViewController.m in Sources */ = {isa = PBXBuildFile; fileRef = 600840001BC79C2000EB9968 /* ViewController.m */; };
		600840041BC79C2000EB9968 /* Main.storyboard in Resources */ = {isa = PBXBuildFile; fileRef = 600840021BC79C2000EB9968 /* Main.storyboard */; };
		600840061BC79C2000EB9968 /* Assets.xcassets in Resources */ = {isa = PBXBuildFile; fileRef = 600840051BC79C2000EB9968 /* Assets.xcassets */; };
		600840091BC79C2000EB9968 /* LaunchScreen.storyboard in Resources */ = {isa = PBXBuildFile; fileRef = 600840071BC79C2000EB9968 /* LaunchScreen.storyboard */; };
		600840261BC79F5B00EB9968 /* FDGapLayoutGuide.m in Sources */ = {isa = PBXBuildFile; fileRef = 600840171BC79F5B00EB9968 /* FDGapLayoutGuide.m */; settings = {ASSET_TAGS = (); }; };
		600840271BC79F5B00EB9968 /* FDLayoutSpacer.m in Sources */ = {isa = PBXBuildFile; fileRef = 600840191BC79F5B00EB9968 /* FDLayoutSpacer.m */; settings = {ASSET_TAGS = (); }; };
		600840281BC79F5B00EB9968 /* FDStackView.m in Sources */ = {isa = PBXBuildFile; fileRef = 6008401B1BC79F5B00EB9968 /* FDStackView.m */; settings = {ASSET_TAGS = (); }; };
		600840291BC79F5B00EB9968 /* FDStackViewAlignmentLayoutArrangement.m in Sources */ = {isa = PBXBuildFile; fileRef = 6008401D1BC79F5B00EB9968 /* FDStackViewAlignmentLayoutArrangement.m */; settings = {ASSET_TAGS = (); }; };
		6008402A1BC79F5B00EB9968 /* FDStackViewDistributionLayoutArrangement.m in Sources */ = {isa = PBXBuildFile; fileRef = 6008401F1BC79F5B00EB9968 /* FDStackViewDistributionLayoutArrangement.m */; settings = {ASSET_TAGS = (); }; };
		6008402B1BC79F5B00EB9968 /* FDStackViewExtensions.m in Sources */ = {isa = PBXBuildFile; fileRef = 600840211BC79F5B00EB9968 /* FDStackViewExtensions.m */; settings = {ASSET_TAGS = (); }; };
		6008402C1BC79F5B00EB9968 /* FDStackViewLayoutArrangement.m in Sources */ = {isa = PBXBuildFile; fileRef = 600840231BC79F5B00EB9968 /* FDStackViewLayoutArrangement.m */; settings = {ASSET_TAGS = (); }; };
		6008402D1BC79F5B00EB9968 /* FDTransformLayer.m in Sources */ = {isa = PBXBuildFile; fileRef = 600840251BC79F5B00EB9968 /* FDTransformLayer.m */; settings = {ASSET_TAGS = (); }; };
/* End PBXBuildFile section */

/* Begin PBXFileReference section */
		60083FF61BC79C2000EB9968 /* StackViewBugDemo.app */ = {isa = PBXFileReference; explicitFileType = wrapper.application; includeInIndex = 0; path = StackViewBugDemo.app; sourceTree = BUILT_PRODUCTS_DIR; };
		60083FFA1BC79C2000EB9968 /* main.m */ = {isa = PBXFileReference; lastKnownFileType = sourcecode.c.objc; path = main.m; sourceTree = "<group>"; };
		60083FFC1BC79C2000EB9968 /* AppDelegate.h */ = {isa = PBXFileReference; lastKnownFileType = sourcecode.c.h; path = AppDelegate.h; sourceTree = "<group>"; };
		60083FFD1BC79C2000EB9968 /* AppDelegate.m */ = {isa = PBXFileReference; lastKnownFileType = sourcecode.c.objc; path = AppDelegate.m; sourceTree = "<group>"; };
		60083FFF1BC79C2000EB9968 /* ViewController.h */ = {isa = PBXFileReference; lastKnownFileType = sourcecode.c.h; path = ViewController.h; sourceTree = "<group>"; };
		600840001BC79C2000EB9968 /* ViewController.m */ = {isa = PBXFileReference; lastKnownFileType = sourcecode.c.objc; path = ViewController.m; sourceTree = "<group>"; };
		600840031BC79C2000EB9968 /* Base */ = {isa = PBXFileReference; lastKnownFileType = file.storyboard; name = Base; path = Base.lproj/Main.storyboard; sourceTree = "<group>"; };
		600840051BC79C2000EB9968 /* Assets.xcassets */ = {isa = PBXFileReference; lastKnownFileType = folder.assetcatalog; path = Assets.xcassets; sourceTree = "<group>"; };
		600840081BC79C2000EB9968 /* Base */ = {isa = PBXFileReference; lastKnownFileType = file.storyboard; name = Base; path = Base.lproj/LaunchScreen.storyboard; sourceTree = "<group>"; };
		6008400A1BC79C2000EB9968 /* Info.plist */ = {isa = PBXFileReference; lastKnownFileType = text.plist.xml; path = Info.plist; sourceTree = "<group>"; };
		600840161BC79F5B00EB9968 /* FDGapLayoutGuide.h */ = {isa = PBXFileReference; fileEncoding = 4; lastKnownFileType = sourcecode.c.h; path = FDGapLayoutGuide.h; sourceTree = "<group>"; };
		600840171BC79F5B00EB9968 /* FDGapLayoutGuide.m */ = {isa = PBXFileReference; fileEncoding = 4; lastKnownFileType = sourcecode.c.objc; path = FDGapLayoutGuide.m; sourceTree = "<group>"; };
		600840181BC79F5B00EB9968 /* FDLayoutSpacer.h */ = {isa = PBXFileReference; fileEncoding = 4; lastKnownFileType = sourcecode.c.h; path = FDLayoutSpacer.h; sourceTree = "<group>"; };
		600840191BC79F5B00EB9968 /* FDLayoutSpacer.m */ = {isa = PBXFileReference; fileEncoding = 4; lastKnownFileType = sourcecode.c.objc; path = FDLayoutSpacer.m; sourceTree = "<group>"; };
		6008401A1BC79F5B00EB9968 /* FDStackView.h */ = {isa = PBXFileReference; fileEncoding = 4; lastKnownFileType = sourcecode.c.h; path = FDStackView.h; sourceTree = "<group>"; };
		6008401B1BC79F5B00EB9968 /* FDStackView.m */ = {isa = PBXFileReference; fileEncoding = 4; lastKnownFileType = sourcecode.c.objc; path = FDStackView.m; sourceTree = "<group>"; };
		6008401C1BC79F5B00EB9968 /* FDStackViewAlignmentLayoutArrangement.h */ = {isa = PBXFileReference; fileEncoding = 4; lastKnownFileType = sourcecode.c.h; path = FDStackViewAlignmentLayoutArrangement.h; sourceTree = "<group>"; };
		6008401D1BC79F5B00EB9968 /* FDStackViewAlignmentLayoutArrangement.m */ = {isa = PBXFileReference; fileEncoding = 4; lastKnownFileType = sourcecode.c.objc; path = FDStackViewAlignmentLayoutArrangement.m; sourceTree = "<group>"; };
		6008401E1BC79F5B00EB9968 /* FDStackViewDistributionLayoutArrangement.h */ = {isa = PBXFileReference; fileEncoding = 4; lastKnownFileType = sourcecode.c.h; path = FDStackViewDistributionLayoutArrangement.h; sourceTree = "<group>"; };
		6008401F1BC79F5B00EB9968 /* FDStackViewDistributionLayoutArrangement.m */ = {isa = PBXFileReference; fileEncoding = 4; lastKnownFileType = sourcecode.c.objc; path = FDStackViewDistributionLayoutArrangement.m; sourceTree = "<group>"; };
		600840201BC79F5B00EB9968 /* FDStackViewExtensions.h */ = {isa = PBXFileReference; fileEncoding = 4; lastKnownFileType = sourcecode.c.h; path = FDStackViewExtensions.h; sourceTree = "<group>"; };
		600840211BC79F5B00EB9968 /* FDStackViewExtensions.m */ = {isa = PBXFileReference; fileEncoding = 4; lastKnownFileType = sourcecode.c.objc; path = FDStackViewExtensions.m; sourceTree = "<group>"; };
		600840221BC79F5B00EB9968 /* FDStackViewLayoutArrangement.h */ = {isa = PBXFileReference; fileEncoding = 4; lastKnownFileType = sourcecode.c.h; path = FDStackViewLayoutArrangement.h; sourceTree = "<group>"; };
		600840231BC79F5B00EB9968 /* FDStackViewLayoutArrangement.m */ = {isa = PBXFileReference; fileEncoding = 4; lastKnownFileType = sourcecode.c.objc; path = FDStackViewLayoutArrangement.m; sourceTree = "<group>"; };
		600840241BC79F5B00EB9968 /* FDTransformLayer.h */ = {isa = PBXFileReference; fileEncoding = 4; lastKnownFileType = sourcecode.c.h; path = FDTransformLayer.h; sourceTree = "<group>"; };
		600840251BC79F5B00EB9968 /* FDTransformLayer.m */ = {isa = PBXFileReference; fileEncoding = 4; lastKnownFileType = sourcecode.c.objc; path = FDTransformLayer.m; sourceTree = "<group>"; };
/* End PBXFileReference section */

/* Begin PBXFrameworksBuildPhase section */
		60083FF31BC79C2000EB9968 /* Frameworks */ = {
			isa = PBXFrameworksBuildPhase;
			buildActionMask = 2147483647;
			files = (
			);
			runOnlyForDeploymentPostprocessing = 0;
		};
/* End PBXFrameworksBuildPhase section */

/* Begin PBXGroup section */
		60083FED1BC79C2000EB9968 = {
			isa = PBXGroup;
			children = (
				60083FF81BC79C2000EB9968 /* StackViewBugDemo */,
				60083FF71BC79C2000EB9968 /* Products */,
			);
			sourceTree = "<group>";
		};
		60083FF71BC79C2000EB9968 /* Products */ = {
			isa = PBXGroup;
			children = (
				60083FF61BC79C2000EB9968 /* StackViewBugDemo.app */,
			);
			name = Products;
			sourceTree = "<group>";
		};
		60083FF81BC79C2000EB9968 /* StackViewBugDemo */ = {
			isa = PBXGroup;
			children = (
				600840151BC79F5B00EB9968 /* FDStackView */,
				60083FFC1BC79C2000EB9968 /* AppDelegate.h */,
				60083FFD1BC79C2000EB9968 /* AppDelegate.m */,
				60083FFF1BC79C2000EB9968 /* ViewController.h */,
				600840001BC79C2000EB9968 /* ViewController.m */,
				600840021BC79C2000EB9968 /* Main.storyboard */,
				600840051BC79C2000EB9968 /* Assets.xcassets */,
				600840071BC79C2000EB9968 /* LaunchScreen.storyboard */,
				6008400A1BC79C2000EB9968 /* Info.plist */,
				60083FF91BC79C2000EB9968 /* Supporting Files */,
			);
			path = StackViewBugDemo;
			sourceTree = "<group>";
		};
		60083FF91BC79C2000EB9968 /* Supporting Files */ = {
			isa = PBXGroup;
			children = (
				60083FFA1BC79C2000EB9968 /* main.m */,
			);
			name = "Supporting Files";
			sourceTree = "<group>";
		};
		600840151BC79F5B00EB9968 /* FDStackView */ = {
			isa = PBXGroup;
			children = (
				600840161BC79F5B00EB9968 /* FDGapLayoutGuide.h */,
				600840171BC79F5B00EB9968 /* FDGapLayoutGuide.m */,
				600840181BC79F5B00EB9968 /* FDLayoutSpacer.h */,
				600840191BC79F5B00EB9968 /* FDLayoutSpacer.m */,
				6008401A1BC79F5B00EB9968 /* FDStackView.h */,
				6008401B1BC79F5B00EB9968 /* FDStackView.m */,
				6008401C1BC79F5B00EB9968 /* FDStackViewAlignmentLayoutArrangement.h */,
				6008401D1BC79F5B00EB9968 /* FDStackViewAlignmentLayoutArrangement.m */,
				6008401E1BC79F5B00EB9968 /* FDStackViewDistributionLayoutArrangement.h */,
				6008401F1BC79F5B00EB9968 /* FDStackViewDistributionLayoutArrangement.m */,
				600840201BC79F5B00EB9968 /* FDStackViewExtensions.h */,
				600840211BC79F5B00EB9968 /* FDStackViewExtensions.m */,
				600840221BC79F5B00EB9968 /* FDStackViewLayoutArrangement.h */,
				600840231BC79F5B00EB9968 /* FDStackViewLayoutArrangement.m */,
				600840241BC79F5B00EB9968 /* FDTransformLayer.h */,
				600840251BC79F5B00EB9968 /* FDTransformLayer.m */,
			);
			path = FDStackView;
			sourceTree = "<group>";
		};
/* End PBXGroup section */

/* Begin PBXNativeTarget section */
		60083FF51BC79C2000EB9968 /* StackViewBugDemo */ = {
			isa = PBXNativeTarget;
			buildConfigurationList = 6008400D1BC79C2000EB9968 /* Build configuration list for PBXNativeTarget "StackViewBugDemo" */;
			buildPhases = (
				60083FF21BC79C2000EB9968 /* Sources */,
				60083FF31BC79C2000EB9968 /* Frameworks */,
				60083FF41BC79C2000EB9968 /* Resources */,
			);
			buildRules = (
			);
			dependencies = (
			);
			name = StackViewBugDemo;
			productName = StackViewBugDemo;
			productReference = 60083FF61BC79C2000EB9968 /* StackViewBugDemo.app */;
			productType = "com.apple.product-type.application";
		};
/* End PBXNativeTarget section */

/* Begin PBXProject section */
		60083FEE1BC79C2000EB9968 /* Project object */ = {
			isa = PBXProject;
			attributes = {
				LastUpgradeCheck = 0700;
				ORGANIZATIONNAME = forkingdog;
				TargetAttributes = {
					60083FF51BC79C2000EB9968 = {
						CreatedOnToolsVersion = 7.0;
					};
				};
			};
			buildConfigurationList = 60083FF11BC79C2000EB9968 /* Build configuration list for PBXProject "StackViewBugDemo" */;
			compatibilityVersion = "Xcode 3.2";
			developmentRegion = English;
			hasScannedForEncodings = 0;
			knownRegions = (
				en,
				Base,
			);
			mainGroup = 60083FED1BC79C2000EB9968;
			productRefGroup = 60083FF71BC79C2000EB9968 /* Products */;
			projectDirPath = "";
			projectRoot = "";
			targets = (
				60083FF51BC79C2000EB9968 /* StackViewBugDemo */,
			);
		};
/* End PBXProject section */

/* Begin PBXResourcesBuildPhase section */
		60083FF41BC79C2000EB9968 /* Resources */ = {
			isa = PBXResourcesBuildPhase;
			buildActionMask = 2147483647;
			files = (
				600840091BC79C2000EB9968 /* LaunchScreen.storyboard in Resources */,
				600840061BC79C2000EB9968 /* Assets.xcassets in Resources */,
				600840041BC79C2000EB9968 /* Main.storyboard in Resources */,
			);
			runOnlyForDeploymentPostprocessing = 0;
		};
/* End PBXResourcesBuildPhase section */

/* Begin PBXSourcesBuildPhase section */
		60083FF21BC79C2000EB9968 /* Sources */ = {
			isa = PBXSourcesBuildPhase;
			buildActionMask = 2147483647;
			files = (
				600840011BC79C2000EB9968 /* ViewController.m in Sources */,
				600840281BC79F5B00EB9968 /* FDStackView.m in Sources */,
				6008402B1BC79F5B00EB9968 /* FDStackViewExtensions.m in Sources */,
				6008402A1BC79F5B00EB9968 /* FDStackViewDistributionLayoutArrangement.m in Sources */,
				6008402C1BC79F5B00EB9968 /* FDStackViewLayoutArrangement.m in Sources */,
				60083FFE1BC79C2000EB9968 /* AppDelegate.m in Sources */,
				600840271BC79F5B00EB9968 /* FDLayoutSpacer.m in Sources */,
				6008402D1BC79F5B00EB9968 /* FDTransformLayer.m in Sources */,
				600840291BC79F5B00EB9968 /* FDStackViewAlignmentLayoutArrangement.m in Sources */,
				60083FFB1BC79C2000EB9968 /* main.m in Sources */,
				600840261BC79F5B00EB9968 /* FDGapLayoutGuide.m in Sources */,
			);
			runOnlyForDeploymentPostprocessing = 0;
		};
/* End PBXSourcesBuildPhase section */

/* Begin PBXVariantGroup section */
		600840021BC79C2000EB9968 /* Main.storyboard */ = {
			isa = PBXVariantGroup;
			children = (
				600840031BC79C2000EB9968 /* Base */,
			);
			name = Main.storyboard;
			sourceTree = "<group>";
		};
		600840071BC79C2000EB9968 /* LaunchScreen.storyboard */ = {
			isa = PBXVariantGroup;
			children = (
				600840081BC79C2000EB9968 /* Base */,
			);
			name = LaunchScreen.storyboard;
			sourceTree = "<group>";
		};
/* End PBXVariantGroup section */

/* Begin XCBuildConfiguration section */
		6008400B1BC79C2000EB9968 /* Debug */ = {
			isa = XCBuildConfiguration;
			buildSettings = {
				ALWAYS_SEARCH_USER_PATHS = NO;
				CLANG_CXX_LANGUAGE_STANDARD = "gnu++0x";
				CLANG_CXX_LIBRARY = "libc++";
				CLANG_ENABLE_MODULES = YES;
				CLANG_ENABLE_OBJC_ARC = YES;
				CLANG_WARN_BOOL_CONVERSION = YES;
				CLANG_WARN_CONSTANT_CONVERSION = YES;
				CLANG_WARN_DIRECT_OBJC_ISA_USAGE = YES_ERROR;
				CLANG_WARN_EMPTY_BODY = YES;
				CLANG_WARN_ENUM_CONVERSION = YES;
				CLANG_WARN_INT_CONVERSION = YES;
				CLANG_WARN_OBJC_ROOT_CLASS = YES_ERROR;
				CLANG_WARN_UNREACHABLE_CODE = YES;
				CLANG_WARN__DUPLICATE_METHOD_MATCH = YES;
				"CODE_SIGN_IDENTITY[sdk=iphoneos*]" = "iPhone Developer";
				COPY_PHASE_STRIP = NO;
				DEBUG_INFORMATION_FORMAT = dwarf;
				ENABLE_STRICT_OBJC_MSGSEND = YES;
				ENABLE_TESTABILITY = YES;
				GCC_C_LANGUAGE_STANDARD = gnu99;
				GCC_DYNAMIC_NO_PIC = NO;
				GCC_NO_COMMON_BLOCKS = YES;
				GCC_OPTIMIZATION_LEVEL = 0;
				GCC_PREPROCESSOR_DEFINITIONS = (
					"DEBUG=1",
					"$(inherited)",
				);
				GCC_WARN_64_TO_32_BIT_CONVERSION = YES;
				GCC_WARN_ABOUT_RETURN_TYPE = YES_ERROR;
				GCC_WARN_UNDECLARED_SELECTOR = YES;
				GCC_WARN_UNINITIALIZED_AUTOS = YES_AGGRESSIVE;
				GCC_WARN_UNUSED_FUNCTION = YES;
				GCC_WARN_UNUSED_VARIABLE = YES;
				IPHONEOS_DEPLOYMENT_TARGET = 9.0;
				MTL_ENABLE_DEBUG_INFO = YES;
				ONLY_ACTIVE_ARCH = YES;
				SDKROOT = iphoneos;
				TARGETED_DEVICE_FAMILY = "1,2";
			};
			name = Debug;
		};
		6008400C1BC79C2000EB9968 /* Release */ = {
			isa = XCBuildConfiguration;
			buildSettings = {
				ALWAYS_SEARCH_USER_PATHS = NO;
				CLANG_CXX_LANGUAGE_STANDARD = "gnu++0x";
				CLANG_CXX_LIBRARY = "libc++";
				CLANG_ENABLE_MODULES = YES;
				CLANG_ENABLE_OBJC_ARC = YES;
				CLANG_WARN_BOOL_CONVERSION = YES;
				CLANG_WARN_CONSTANT_CONVERSION = YES;
				CLANG_WARN_DIRECT_OBJC_ISA_USAGE = YES_ERROR;
				CLANG_WARN_EMPTY_BODY = YES;
				CLANG_WARN_ENUM_CONVERSION = YES;
				CLANG_WARN_INT_CONVERSION = YES;
				CLANG_WARN_OBJC_ROOT_CLASS = YES_ERROR;
				CLANG_WARN_UNREACHABLE_CODE = YES;
				CLANG_WARN__DUPLICATE_METHOD_MATCH = YES;
				"CODE_SIGN_IDENTITY[sdk=iphoneos*]" = "iPhone Developer";
				COPY_PHASE_STRIP = NO;
				DEBUG_INFORMATION_FORMAT = "dwarf-with-dsym";
				ENABLE_NS_ASSERTIONS = NO;
				ENABLE_STRICT_OBJC_MSGSEND = YES;
				GCC_C_LANGUAGE_STANDARD = gnu99;
				GCC_NO_COMMON_BLOCKS = YES;
				GCC_WARN_64_TO_32_BIT_CONVERSION = YES;
				GCC_WARN_ABOUT_RETURN_TYPE = YES_ERROR;
				GCC_WARN_UNDECLARED_SELECTOR = YES;
				GCC_WARN_UNINITIALIZED_AUTOS = YES_AGGRESSIVE;
				GCC_WARN_UNUSED_FUNCTION = YES;
				GCC_WARN_UNUSED_VARIABLE = YES;
				IPHONEOS_DEPLOYMENT_TARGET = 9.0;
				MTL_ENABLE_DEBUG_INFO = NO;
				SDKROOT = iphoneos;
				TARGETED_DEVICE_FAMILY = "1,2";
				VALIDATE_PRODUCT = YES;
			};
			name = Release;
		};
		6008400E1BC79C2000EB9968 /* Debug */ = {
			isa = XCBuildConfiguration;
			buildSettings = {
				ASSETCATALOG_COMPILER_APPICON_NAME = AppIcon;
				INFOPLIST_FILE = StackViewBugDemo/Info.plist;
				IPHONEOS_DEPLOYMENT_TARGET = 9.0;
				LD_RUNPATH_SEARCH_PATHS = "$(inherited) @executable_path/Frameworks";
				PRODUCT_BUNDLE_IDENTIFIER = com.forkingdog.StackViewBugDemo;
				PRODUCT_NAME = "$(TARGET_NAME)";
			};
			name = Debug;
		};
		6008400F1BC79C2000EB9968 /* Release */ = {
			isa = XCBuildConfiguration;
			buildSettings = {
				ASSETCATALOG_COMPILER_APPICON_NAME = AppIcon;
				INFOPLIST_FILE = StackViewBugDemo/Info.plist;
				IPHONEOS_DEPLOYMENT_TARGET = 9.0;
				LD_RUNPATH_SEARCH_PATHS = "$(inherited) @executable_path/Frameworks";
				PRODUCT_BUNDLE_IDENTIFIER = com.forkingdog.StackViewBugDemo;
				PRODUCT_NAME = "$(TARGET_NAME)";
			};
			name = Release;
		};
/* End XCBuildConfiguration section */

/* Begin XCConfigurationList section */
		60083FF11BC79C2000EB9968 /* Build configuration list for PBXProject "StackViewBugDemo" */ = {
			isa = XCConfigurationList;
			buildConfigurations = (
				6008400B1BC79C2000EB9968 /* Debug */,
				6008400C1BC79C2000EB9968 /* Release */,
			);
			defaultConfigurationIsVisible = 0;
			defaultConfigurationName = Release;
		};
		6008400D1BC79C2000EB9968 /* Build configuration list for PBXNativeTarget "StackViewBugDemo" */ = {
			isa = XCConfigurationList;
			buildConfigurations = (
				6008400E1BC79C2000EB9968 /* Debug */,
				6008400F1BC79C2000EB9968 /* Release */,
			);
			defaultConfigurationIsVisible = 0;
			defaultConfigurationName = Release;
		};
/* End XCConfigurationList section */
	};
	rootObject = 60083FEE1BC79C2000EB9968 /* Project object */;
}
